
Microsoft Visual Studio Solution File, Format Version 12.00
# Visual Studio Version 17
VisualStudioVersion = 17.5.002.0
MinimumVisualStudioVersion = 10.0.40219.1
Project("{9A19103F-16F7-4668-BE54-9A1E7A4F7556}") = "jwt_net", "jwt_net.csproj", "{7D79BA44-6376-40B9-98DA-53D807598CC4}"
EndProject
Global
	GlobalSection(SolutionConfigurationPlatforms) = preSolution
		Debug|Any CPU = Debug|Any CPU
		Release|Any CPU = Release|Any CPU
	EndGlobalSection
	GlobalSection(ProjectConfigurationPlatforms) = postSolution
		{7D79BA44-6376-40B9-98DA-53D807598CC4}.Debug|Any CPU.ActiveCfg = Debug|Any CPU
		{7D79BA44-6376-40B9-98DA-53D807598CC4}.Debug|Any CPU.Build.0 = Debug|Any CPU
		{7D79BA44-6376-40B9-98DA-53D807598CC4}.Release|Any CPU.ActiveCfg = Release|Any CPU
		{7D79BA44-6376-40B9-98DA-53D807598CC4}.Release|Any CPU.Build.0 = Release|Any CPU
	EndGlobalSection
	GlobalSection(SolutionProperties) = preSolution
		HideSolutionNode = FALSE
	EndGlobalSection
	GlobalSection(ExtensibilityGlobals) = postSolution
		SolutionGuid = {970C8A4F-A814-40B2-85EA-1A19B0259258}
	EndGlobalSection
EndGlobal
